
Microsoft Visual Studio Solution File, Format Version 12.00
# Visual Studio 15
Project("{FAE04EC0-301F-11D3-BF4B-00C04F79EFBC}") = "Drivery", "Drivery\Drivery.csproj", "{FA12DC62-F8F9-4956-886D-FC17A56689EA}"
EndProject
Global
	GlobalSection(SolutionConfigurationPlatforms) = preSolution
		Debug|iPhoneSimulator = Debug|iPhoneSimulator
		Release|iPhone = Release|iPhone
		Release|iPhoneSimulator = Release|iPhoneSimulator
		Debug|iPhone = Debug|iPhone
	EndGlobalSection
	GlobalSection(ProjectConfigurationPlatforms) = postSolution
		{FA12DC62-F8F9-4956-886D-FC17A56689EA}.Debug|iPhoneSimulator.ActiveCfg = Debug|iPhoneSimulator
		{FA12DC62-F8F9-4956-886D-FC17A56689EA}.Debug|iPhoneSimulator.Build.0 = Debug|iPhoneSimulator
		{FA12DC62-F8F9-4956-886D-FC17A56689EA}.Release|iPhone.ActiveCfg = Release|iPhone
		{FA12DC62-F8F9-4956-886D-FC17A56689EA}.Release|iPhone.Build.0 = Release|iPhone
		{FA12DC62-F8F9-4956-886D-FC17A56689EA}.Release|iPhoneSimulator.ActiveCfg = Release|iPhoneSimulator
		{FA12DC62-F8F9-4956-886D-FC17A56689EA}.Release|iPhoneSimulator.Build.0 = Release|iPhoneSimulator
		{FA12DC62-F8F9-4956-886D-FC17A56689EA}.Debug|iPhone.ActiveCfg = Debug|iPhone
		{FA12DC62-F8F9-4956-886D-FC17A56689EA}.Debug|iPhone.Build.0 = Debug|iPhone
	EndGlobalSection
EndGlobal
